// !$*UTF8*$!
{
	archiveVersion = 1;
	classes = {
	};
	objectVersion = 50;
	objects = {

/* Begin PBXBuildFile section */
		7C19B4D42224077D000CB1E0 /* TestUser.swift in Sources */ = {isa = PBXBuildFile; fileRef = 7C19B4D32224077D000CB1E0 /* TestUser.swift */; };
		7C19B4D622240FC1000CB1E0 /* UserModel.swift in Sources */ = {isa = PBXBuildFile; fileRef = 7C19B4D522240FC1000CB1E0 /* UserModel.swift */; };
		7C19B4D822241058000CB1E0 /* DBManager.swift in Sources */ = {isa = PBXBuildFile; fileRef = 7C19B4D722241058000CB1E0 /* DBManager.swift */; };
		7C19B4DA22241490000CB1E0 /* House.swift in Sources */ = {isa = PBXBuildFile; fileRef = 7C19B4D922241490000CB1E0 /* House.swift */; };
		7C3ABB1B2223054E0098C27C /* AppDelegate.swift in Sources */ = {isa = PBXBuildFile; fileRef = 7C3ABB1A2223054E0098C27C /* AppDelegate.swift */; };
		7C3ABB1D2223054E0098C27C /* ViewController.swift in Sources */ = {isa = PBXBuildFile; fileRef = 7C3ABB1C2223054E0098C27C /* ViewController.swift */; };
		7C3ABB202223054E0098C27C /* Main.storyboard in Resources */ = {isa = PBXBuildFile; fileRef = 7C3ABB1E2223054E0098C27C /* Main.storyboard */; };
		7C3ABB222223054E0098C27C /* Assets.xcassets in Resources */ = {isa = PBXBuildFile; fileRef = 7C3ABB212223054E0098C27C /* Assets.xcassets */; };
		7C3ABB252223054E0098C27C /* LaunchScreen.storyboard in Resources */ = {isa = PBXBuildFile; fileRef = 7C3ABB232223054E0098C27C /* LaunchScreen.storyboard */; };
		99A3ED0A14A7C6501D62481F /* Pods_TestRealm.framework in Frameworks */ = {isa = PBXBuildFile; fileRef = 24F8531B40135C6113EC80FC /* Pods_TestRealm.framework */; };
/* End PBXBuildFile section */

/* Begin PBXFileReference section */
		24F8531B40135C6113EC80FC /* Pods_TestRealm.framework */ = {isa = PBXFileReference; explicitFileType = wrapper.framework; includeInIndex = 0; path = Pods_TestRealm.framework; sourceTree = BUILT_PRODUCTS_DIR; };
		2E45AD2F2C5C7003BBD74450 /* Pods-TestRealm.debug.xcconfig */ = {isa = PBXFileReference; includeInIndex = 1; lastKnownFileType = text.xcconfig; name = "Pods-TestRealm.debug.xcconfig"; path = "Target Support Files/Pods-TestRealm/Pods-TestRealm.debug.xcconfig"; sourceTree = "<group>"; };
		6C13006E67BECA6ADAA58DFA /* Pods-TestRealm.release.xcconfig */ = {isa = PBXFileReference; includeInIndex = 1; lastKnownFileType = text.xcconfig; name = "Pods-TestRealm.release.xcconfig"; path = "Target Support Files/Pods-TestRealm/Pods-TestRealm.release.xcconfig"; sourceTree = "<group>"; };
		7C19B4D32224077D000CB1E0 /* TestUser.swift */ = {isa = PBXFileReference; lastKnownFileType = sourcecode.swift; path = TestUser.swift; sourceTree = "<group>"; };
		7C19B4D522240FC1000CB1E0 /* UserModel.swift */ = {isa = PBXFileReference; lastKnownFileType = sourcecode.swift; path = UserModel.swift; sourceTree = "<group>"; };
		7C19B4D722241058000CB1E0 /* DBManager.swift */ = {isa = PBXFileReference; lastKnownFileType = sourcecode.swift; path = DBManager.swift; sourceTree = "<group>"; };
		7C19B4D922241490000CB1E0 /* House.swift */ = {isa = PBXFileReference; lastKnownFileType = sourcecode.swift; path = House.swift; sourceTree = "<group>"; };
		7C3ABB172223054E0098C27C /* TestRealm.app */ = {isa = PBXFileReference; explicitFileType = wrapper.application; includeInIndex = 0; path = TestRealm.app; sourceTree = BUILT_PRODUCTS_DIR; };
		7C3ABB1A2223054E0098C27C /* AppDelegate.swift */ = {isa = PBXFileReference; lastKnownFileType = sourcecode.swift; path = AppDelegate.swift; sourceTree = "<group>"; };
		7C3ABB1C2223054E0098C27C /* ViewController.swift */ = {isa = PBXFileReference; lastKnownFileType = sourcecode.swift; path = ViewController.swift; sourceTree = "<group>"; };
		7C3ABB1F2223054E0098C27C /* Base */ = {isa = PBXFileReference; lastKnownFileType = file.storyboard; name = Base; path = Base.lproj/Main.storyboard; sourceTree = "<group>"; };
		7C3ABB212223054E0098C27C /* Assets.xcassets */ = {isa = PBXFileReference; lastKnownFileType = folder.assetcatalog; path = Assets.xcassets; sourceTree = "<group>"; };
		7C3ABB242223054E0098C27C /* Base */ = {isa = PBXFileReference; lastKnownFileType = file.storyboard; name = Base; path = Base.lproj/LaunchScreen.storyboard; sourceTree = "<group>"; };
		7C3ABB262223054E0098C27C /* Info.plist */ = {isa = PBXFileReference; lastKnownFileType = text.plist.xml; path = Info.plist; sourceTree = "<group>"; };
/* End PBXFileReference section */

/* Begin PBXFrameworksBuildPhase section */
		7C3ABB142223054E0098C27C /* Frameworks */ = {
			isa = PBXFrameworksBuildPhase;
			buildActionMask = 2147483647;
			files = (
				99A3ED0A14A7C6501D62481F /* Pods_TestRealm.framework in Frameworks */,
			);
			runOnlyForDeploymentPostprocessing = 0;
		};
/* End PBXFrameworksBuildPhase section */

/* Begin PBXGroup section */
		589F8336EFD01F4893D32A61 /* Frameworks */ = {
			isa = PBXGroup;
			children = (
				24F8531B40135C6113EC80FC /* Pods_TestRealm.framework */,
			);
			name = Frameworks;
			sourceTree = "<group>";
		};
		7C3ABB0E2223054E0098C27C = {
			isa = PBXGroup;
			children = (
				7C3ABB192223054E0098C27C /* TestRealm */,
				7C3ABB182223054E0098C27C /* Products */,
				BC3AB974EB3D4C9727D072DB /* Pods */,
				589F8336EFD01F4893D32A61 /* Frameworks */,
			);
			sourceTree = "<group>";
		};
		7C3ABB182223054E0098C27C /* Products */ = {
			isa = PBXGroup;
			children = (
				7C3ABB172223054E0098C27C /* TestRealm.app */,
			);
			name = Products;
			sourceTree = "<group>";
		};
		7C3ABB192223054E0098C27C /* TestRealm */ = {
			isa = PBXGroup;
			children = (
				7C3ABB1A2223054E0098C27C /* AppDelegate.swift */,
				7C19B4D922241490000CB1E0 /* House.swift */,
				7C19B4D522240FC1000CB1E0 /* UserModel.swift */,
				7C19B4D722241058000CB1E0 /* DBManager.swift */,
				7C19B4D32224077D000CB1E0 /* TestUser.swift */,
				7C3ABB1C2223054E0098C27C /* ViewController.swift */,
				7C3ABB1E2223054E0098C27C /* Main.storyboard */,
				7C3ABB212223054E0098C27C /* Assets.xcassets */,
				7C3ABB232223054E0098C27C /* LaunchScreen.storyboard */,
				7C3ABB262223054E0098C27C /* Info.plist */,
			);
			path = TestRealm;
			sourceTree = "<group>";
		};
		BC3AB974EB3D4C9727D072DB /* Pods */ = {
			isa = PBXGroup;
			children = (
				2E45AD2F2C5C7003BBD74450 /* Pods-TestRealm.debug.xcconfig */,
				6C13006E67BECA6ADAA58DFA /* Pods-TestRealm.release.xcconfig */,
			);
			path = Pods;
			sourceTree = "<group>";
		};
/* End PBXGroup section */

/* Begin PBXNativeTarget section */
		7C3ABB162223054E0098C27C /* TestRealm */ = {
			isa = PBXNativeTarget;
			buildConfigurationList = 7C3ABB292223054E0098C27C /* Build configuration list for PBXNativeTarget "TestRealm" */;
			buildPhases = (
				AA1222E1E56CA84B4DBD810E /* [CP] Check Pods Manifest.lock */,
				7C3ABB132223054E0098C27C /* Sources */,
				7C3ABB142223054E0098C27C /* Frameworks */,
				7C3ABB152223054E0098C27C /* Resources */,
				90188D317D221D199EB5B362 /* [CP] Embed Pods Frameworks */,
			);
			buildRules = (
			);
			dependencies = (
			);
			name = TestRealm;
			productName = TestRealm;
			productReference = 7C3ABB172223054E0098C27C /* TestRealm.app */;
			productType = "com.apple.product-type.application";
		};
/* End PBXNativeTarget section */

/* Begin PBXProject section */
		7C3ABB0F2223054E0098C27C /* Project object */ = {
			isa = PBXProject;
			attributes = {
				LastSwiftUpdateCheck = 1010;
				LastUpgradeCheck = 1010;
				ORGANIZATIONNAME = "Ильдар Залялов";
				TargetAttributes = {
					7C3ABB162223054E0098C27C = {
						CreatedOnToolsVersion = 10.1;
					};
				};
			};
			buildConfigurationList = 7C3ABB122223054E0098C27C /* Build configuration list for PBXProject "TestRealm" */;
			compatibilityVersion = "Xcode 9.3";
			developmentRegion = en;
			hasScannedForEncodings = 0;
			knownRegions = (
				en,
				Base,
			);
			mainGroup = 7C3ABB0E2223054E0098C27C;
			productRefGroup = 7C3ABB182223054E0098C27C /* Products */;
			projectDirPath = "";
			projectRoot = "";
			targets = (
				7C3ABB162223054E0098C27C /* TestRealm */,
			);
		};
/* End PBXProject section */

/* Begin PBXResourcesBuildPhase section */
		7C3ABB152223054E0098C27C /* Resources */ = {
			isa = PBXResourcesBuildPhase;
			buildActionMask = 2147483647;
			files = (
				7C3ABB252223054E0098C27C /* LaunchScreen.storyboard in Resources */,
				7C3ABB222223054E0098C27C /* Assets.xcassets in Resources */,
				7C3ABB202223054E0098C27C /* Main.storyboard in Resources */,
			);
			runOnlyForDeploymentPostprocessing = 0;
		};
/* End PBXResourcesBuildPhase section */

/* Begin PBXShellScriptBuildPhase section */
		90188D317D221D199EB5B362 /* [CP] Embed Pods Frameworks */ = {
			isa = PBXShellScriptBuildPhase;
			buildActionMask = 2147483647;
			files = (
			);
			inputFileListPaths = (
			);
			inputPaths = (
				"${PODS_ROOT}/Target Support Files/Pods-TestRealm/Pods-TestRealm-frameworks.sh",
				"${BUILT_PRODUCTS_DIR}/Realm/Realm.framework",
				"${BUILT_PRODUCTS_DIR}/RealmSwift/RealmSwift.framework",
			);
			name = "[CP] Embed Pods Frameworks";
			outputFileListPaths = (
			);
			outputPaths = (
				"${TARGET_BUILD_DIR}/${FRAMEWORKS_FOLDER_PATH}/Realm.framework",
				"${TARGET_BUILD_DIR}/${FRAMEWORKS_FOLDER_PATH}/RealmSwift.framework",
			);
			runOnlyForDeploymentPostprocessing = 0;
			shellPath = /bin/sh;
			shellScript = "\"${PODS_ROOT}/Target Support Files/Pods-TestRealm/Pods-TestRealm-frameworks.sh\"\n";
			showEnvVarsInLog = 0;
		};
		AA1222E1E56CA84B4DBD810E /* [CP] Check Pods Manifest.lock */ = {
			isa = PBXShellScriptBuildPhase;
			buildActionMask = 2147483647;
			files = (
			);
			inputFileListPaths = (
			);
			inputPaths = (
				"${PODS_PODFILE_DIR_PATH}/Podfile.lock",
				"${PODS_ROOT}/Manifest.lock",
			);
			name = "[CP] Check Pods Manifest.lock";
			outputFileListPaths = (
			);
			outputPaths = (
				"$(DERIVED_FILE_DIR)/Pods-TestRealm-checkManifestLockResult.txt",
			);
			runOnlyForDeploymentPostprocessing = 0;
			shellPath = /bin/sh;
			shellScript = "diff \"${PODS_PODFILE_DIR_PATH}/Podfile.lock\" \"${PODS_ROOT}/Manifest.lock\" > /dev/null\nif [ $? != 0 ] ; then\n    # print error to STDERR\n    echo \"error: The sandbox is not in sync with the Podfile.lock. Run 'pod install' or update your CocoaPods installation.\" >&2\n    exit 1\nfi\n# This output is used by Xcode 'outputs' to avoid re-running this script phase.\necho \"SUCCESS\" > \"${SCRIPT_OUTPUT_FILE_0}\"\n";
			showEnvVarsInLog = 0;
		};
/* End PBXShellScriptBuildPhase section */

/* Begin PBXSourcesBuildPhase section */
		7C3ABB132223054E0098C27C /* Sources */ = {
			isa = PBXSourcesBuildPhase;
			buildActionMask = 2147483647;
			files = (
				7C19B4D822241058000CB1E0 /* DBManager.swift in Sources */,
				7C3ABB1D2223054E0098C27C /* ViewController.swift in Sources */,
				7C3ABB1B2223054E0098C27C /* AppDelegate.swift in Sources */,
				7C19B4D622240FC1000CB1E0 /* UserModel.swift in Sources */,
				7C19B4DA22241490000CB1E0 /* House.swift in Sources */,
				7C19B4D42224077D000CB1E0 /* TestUser.swift in Sources */,
			);
			runOnlyForDeploymentPostprocessing = 0;
		};
/* End PBXSourcesBuildPhase section */

/* Begin PBXVariantGroup section */
		7C3ABB1E2223054E0098C27C /* Main.storyboard */ = {
			isa = PBXVariantGroup;
			children = (
				7C3ABB1F2223054E0098C27C /* Base */,
			);
			name = Main.storyboard;
			sourceTree = "<group>";
		};
		7C3ABB232223054E0098C27C /* LaunchScreen.storyboard */ = {
			isa = PBXVariantGroup;
			children = (
				7C3ABB242223054E0098C27C /* Base */,
			);
			name = LaunchScreen.storyboard;
			sourceTree = "<group>";
		};
/* End PBXVariantGroup section */

/* Begin XCBuildConfiguration section */
		7C3ABB272223054E0098C27C /* Debug */ = {
			isa = XCBuildConfiguration;
			buildSettings = {
				ALWAYS_SEARCH_USER_PATHS = NO;
				CLANG_ANALYZER_NONNULL = YES;
				CLANG_ANALYZER_NUMBER_OBJECT_CONVERSION = YES_AGGRESSIVE;
				CLANG_CXX_LANGUAGE_STANDARD = "gnu++14";
				CLANG_CXX_LIBRARY = "libc++";
				CLANG_ENABLE_MODULES = YES;
				CLANG_ENABLE_OBJC_ARC = YES;
				CLANG_ENABLE_OBJC_WEAK = YES;
				CLANG_WARN_BLOCK_CAPTURE_AUTORELEASING = YES;
				CLANG_WARN_BOOL_CONVERSION = YES;
				CLANG_WARN_COMMA = YES;
				CLANG_WARN_CONSTANT_CONVERSION = YES;
				CLANG_WARN_DEPRECATED_OBJC_IMPLEMENTATIONS = YES;
				CLANG_WARN_DIRECT_OBJC_ISA_USAGE = YES_ERROR;
				CLANG_WARN_DOCUMENTATION_COMMENTS = YES;
				CLANG_WARN_EMPTY_BODY = YES;
				CLANG_WARN_ENUM_CONVERSION = YES;
				CLANG_WARN_INFINITE_RECURSION = YES;
				CLANG_WARN_INT_CONVERSION = YES;
				CLANG_WARN_NON_LITERAL_NULL_CONVERSION = YES;
				CLANG_WARN_OBJC_IMPLICIT_RETAIN_SELF = YES;
				CLANG_WARN_OBJC_LITERAL_CONVERSION = YES;
				CLANG_WARN_OBJC_ROOT_CLASS = YES_ERROR;
				CLANG_WARN_RANGE_LOOP_ANALYSIS = YES;
				CLANG_WARN_STRICT_PROTOTYPES = YES;
				CLANG_WARN_SUSPICIOUS_MOVE = YES;
				CLANG_WARN_UNGUARDED_AVAILABILITY = YES_AGGRESSIVE;
				CLANG_WARN_UNREACHABLE_CODE = YES;
				CLANG_WARN__DUPLICATE_METHOD_MATCH = YES;
				CODE_SIGN_IDENTITY = "iPhone Developer";
				COPY_PHASE_STRIP = NO;
				DEBUG_INFORMATION_FORMAT = dwarf;
				ENABLE_STRICT_OBJC_MSGSEND = YES;
				ENABLE_TESTABILITY = YES;
				GCC_C_LANGUAGE_STANDARD = gnu11;
				GCC_DYNAMIC_NO_PIC = NO;
				GCC_NO_COMMON_BLOCKS = YES;
				GCC_OPTIMIZATION_LEVEL = 0;
				GCC_PREPROCESSOR_DEFINITIONS = (
					"DEBUG=1",
					"$(inherited)",
				);
				GCC_WARN_64_TO_32_BIT_CONVERSION = YES;
				GCC_WARN_ABOUT_RETURN_TYPE = YES_ERROR;
				GCC_WARN_UNDECLARED_SELECTOR = YES;
				GCC_WARN_UNINITIALIZED_AUTOS = YES_AGGRESSIVE;
				GCC_WARN_UNUSED_FUNCTION = YES;
				GCC_WARN_UNUSED_VARIABLE = YES;
				IPHONEOS_DEPLOYMENT_TARGET = 12.1;
				MTL_ENABLE_DEBUG_INFO = INCLUDE_SOURCE;
				MTL_FAST_MATH = YES;
				ONLY_ACTIVE_ARCH = YES;
				SDKROOT = iphoneos;
				SWIFT_ACTIVE_COMPILATION_CONDITIONS = DEBUG;
				SWIFT_OPTIMIZATION_LEVEL = "-Onone";
			};
			name = Debug;
		};
		7C3ABB282223054E0098C27C /* Release */ = {
			isa = XCBuildConfiguration;
			buildSettings = {
				ALWAYS_SEARCH_USER_PATHS = NO;
				CLANG_ANALYZER_NONNULL = YES;
				CLANG_ANALYZER_NUMBER_OBJECT_CONVERSION = YES_AGGRESSIVE;
				CLANG_CXX_LANGUAGE_STANDARD = "gnu++14";
				CLANG_CXX_LIBRARY = "libc++";
				CLANG_ENABLE_MODULES = YES;
				CLANG_ENABLE_OBJC_ARC = YES;
				CLANG_ENABLE_OBJC_WEAK = YES;
				CLANG_WARN_BLOCK_CAPTURE_AUTORELEASING = YES;
				CLANG_WARN_BOOL_CONVERSION = YES;
				CLANG_WARN_COMMA = YES;
				CLANG_WARN_CONSTANT_CONVERSION = YES;
				CLANG_WARN_DEPRECATED_OBJC_IMPLEMENTATIONS = YES;
				CLANG_WARN_DIRECT_OBJC_ISA_USAGE = YES_ERROR;
				CLANG_WARN_DOCUMENTATION_COMMENTS = YES;
				CLANG_WARN_EMPTY_BODY = YES;
				CLANG_WARN_ENUM_CONVERSION = YES;
				CLANG_WARN_INFINITE_RECURSION = YES;
				CLANG_WARN_INT_CONVERSION = YES;
				CLANG_WARN_NON_LITERAL_NULL_CONVERSION = YES;
				CLANG_WARN_OBJC_IMPLICIT_RETAIN_SELF = YES;
				CLANG_WARN_OBJC_LITERAL_CONVERSION = YES;
				CLANG_WARN_OBJC_ROOT_CLASS = YES_ERROR;
				CLANG_WARN_RANGE_LOOP_ANALYSIS = YES;
				CLANG_WARN_STRICT_PROTOTYPES = YES;
				CLANG_WARN_SUSPICIOUS_MOVE = YES;
				CLANG_WARN_UNGUARDED_AVAILABILITY = YES_AGGRESSIVE;
				CLANG_WARN_UNREACHABLE_CODE = YES;
				CLANG_WARN__DUPLICATE_METHOD_MATCH = YES;
				CODE_SIGN_IDENTITY = "iPhone Developer";
				COPY_PHASE_STRIP = NO;
				DEBUG_INFORMATION_FORMAT = "dwarf-with-dsym";
				ENABLE_NS_ASSERTIONS = NO;
				ENABLE_STRICT_OBJC_MSGSEND = YES;
				GCC_C_LANGUAGE_STANDARD = gnu11;
				GCC_NO_COMMON_BLOCKS = YES;
				GCC_WARN_64_TO_32_BIT_CONVERSION = YES;
				GCC_WARN_ABOUT_RETURN_TYPE = YES_ERROR;
				GCC_WARN_UNDECLARED_SELECTOR = YES;
				GCC_WARN_UNINITIALIZED_AUTOS = YES_AGGRESSIVE;
				GCC_WARN_UNUSED_FUNCTION = YES;
				GCC_WARN_UNUSED_VARIABLE = YES;
				IPHONEOS_DEPLOYMENT_TARGET = 12.1;
				MTL_ENABLE_DEBUG_INFO = NO;
				MTL_FAST_MATH = YES;
				SDKROOT = iphoneos;
				SWIFT_COMPILATION_MODE = wholemodule;
				SWIFT_OPTIMIZATION_LEVEL = "-O";
				VALIDATE_PRODUCT = YES;
			};
			name = Release;
		};
		7C3ABB2A2223054E0098C27C /* Debug */ = {
			isa = XCBuildConfiguration;
			baseConfigurationReference = 2E45AD2F2C5C7003BBD74450 /* Pods-TestRealm.debug.xcconfig */;
			buildSettings = {
				ASSETCATALOG_COMPILER_APPICON_NAME = AppIcon;
				CODE_SIGN_STYLE = Automatic;
				INFOPLIST_FILE = TestRealm/Info.plist;
				LD_RUNPATH_SEARCH_PATHS = (
					"$(inherited)",
					"@executable_path/Frameworks",
				);
				PRODUCT_BUNDLE_IDENTIFIER = ru.iosLab.TestRealm;
				PRODUCT_NAME = "$(TARGET_NAME)";
				SWIFT_VERSION = 4.2;
				TARGETED_DEVICE_FAMILY = "1,2";
			};
			name = Debug;
		};
		7C3ABB2B2223054E0098C27C /* Release */ = {
			isa = XCBuildConfiguration;
			baseConfigurationReference = 6C13006E67BECA6ADAA58DFA /* Pods-TestRealm.release.xcconfig */;
			buildSettings = {
				ASSETCATALOG_COMPILER_APPICON_NAME = AppIcon;
				CODE_SIGN_STYLE = Automatic;
				INFOPLIST_FILE = TestRealm/Info.plist;
				LD_RUNPATH_SEARCH_PATHS = (
					"$(inherited)",
					"@executable_path/Frameworks",
				);
				PRODUCT_BUNDLE_IDENTIFIER = ru.iosLab.TestRealm;
				PRODUCT_NAME = "$(TARGET_NAME)";
				SWIFT_VERSION = 4.2;
				TARGETED_DEVICE_FAMILY = "1,2";
			};
			name = Release;
		};
/* End XCBuildConfiguration section */

/* Begin XCConfigurationList section */
		7C3ABB122223054E0098C27C /* Build configuration list for PBXProject "TestRealm" */ = {
			isa = XCConfigurationList;
			buildConfigurations = (
				7C3ABB272223054E0098C27C /* Debug */,
				7C3ABB282223054E0098C27C /* Release */,
			);
			defaultConfigurationIsVisible = 0;
			defaultConfigurationName = Release;
		};
		7C3ABB292223054E0098C27C /* Build configuration list for PBXNativeTarget "TestRealm" */ = {
			isa = XCConfigurationList;
			buildConfigurations = (
				7C3ABB2A2223054E0098C27C /* Debug */,
				7C3ABB2B2223054E0098C27C /* Release */,
			);
			defaultConfigurationIsVisible = 0;
			defaultConfigurationName = Release;
		};
/* End XCConfigurationList section */
	};
	rootObject = 7C3ABB0F2223054E0098C27C /* Project object */;
}
